
Microsoft Visual Studio Solution File, Format Version 12.00
# Visual Studio Version 16
VisualStudioVersion = 16.0.31729.503
MinimumVisualStudioVersion = 10.0.40219.1
Project("{F184B08F-C81C-45F6-A57F-5ABD9991F28F}") = "Comp1", "Comp1\Comp1.vbproj", "{E164BD99-A0D7-4436-BA69-01AAF5B0FCC5}"
EndProject
Global
	GlobalSection(SolutionConfigurationPlatforms) = preSolution
		Debug|Any CPU = Debug|Any CPU
		Release|Any CPU = Release|Any CPU
	EndGlobalSection
	GlobalSection(ProjectConfigurationPlatforms) = postSolution
		{E164BD99-A0D7-4436-BA69-01AAF5B0FCC5}.Debug|Any CPU.ActiveCfg = Debug|Any CPU
		{E164BD99-A0D7-4436-BA69-01AAF5B0FCC5}.Debug|Any CPU.Build.0 = Debug|Any CPU
		{E164BD99-A0D7-4436-BA69-01AAF5B0FCC5}.Release|Any CPU.ActiveCfg = Release|Any CPU
		{E164BD99-A0D7-4436-BA69-01AAF5B0FCC5}.Release|Any CPU.Build.0 = Release|Any CPU
	EndGlobalSection
	GlobalSection(SolutionProperties) = preSolution
		HideSolutionNode = FALSE
	EndGlobalSection
	GlobalSection(ExtensibilityGlobals) = postSolution
		SolutionGuid = {7E0A032B-7D84-42A2-8EA8-D3F0116A56B5}
	EndGlobalSection
EndGlobal
