
Microsoft Visual Studio Solution File, Format Version 12.00
# Visual Studio Version 16
VisualStudioVersion = 16.0.31702.278
MinimumVisualStudioVersion = 10.0.40219.1
Project("{F184B08F-C81C-45F6-A57F-5ABD9991F28F}") = "Práctica5", "Práctica5\Práctica5.vbproj", "{7B3D2259-9B1D-490A-B57D-6ACD83BC0231}"
EndProject
Global
	GlobalSection(SolutionConfigurationPlatforms) = preSolution
		Debug|Any CPU = Debug|Any CPU
		Release|Any CPU = Release|Any CPU
	EndGlobalSection
	GlobalSection(ProjectConfigurationPlatforms) = postSolution
		{7B3D2259-9B1D-490A-B57D-6ACD83BC0231}.Debug|Any CPU.ActiveCfg = Debug|Any CPU
		{7B3D2259-9B1D-490A-B57D-6ACD83BC0231}.Debug|Any CPU.Build.0 = Debug|Any CPU
		{7B3D2259-9B1D-490A-B57D-6ACD83BC0231}.Release|Any CPU.ActiveCfg = Release|Any CPU
		{7B3D2259-9B1D-490A-B57D-6ACD83BC0231}.Release|Any CPU.Build.0 = Release|Any CPU
	EndGlobalSection
	GlobalSection(SolutionProperties) = preSolution
		HideSolutionNode = FALSE
	EndGlobalSection
	GlobalSection(ExtensibilityGlobals) = postSolution
		SolutionGuid = {BCBC60E2-1B03-436B-A33F-AD04A081AB43}
	EndGlobalSection
EndGlobal
